{
  "name": "logistics",
  "lockfileVersion": 3,
  "requires": true,
  "packages": {
    "": {
      "dependencies": {
        "vue-multiselect": "^3.5.0"
      }
    },
    "node_modules/vue-multiselect": {
      "version": "3.5.0",
      "resolved": "https://registry.npmjs.org/vue-multiselect/-/vue-multiselect-3.5.0.tgz",
      "integrity": "sha512-i758SEqWFcFshL1eAg0F3EFeFQ1mOCmh2mgnGCZv1XpHFVIAv8fxo8bQQ4ZnMoaPhMp8KI1A6gPBVHh3YzRg/Q==",
      "license": "MIT",
      "engines": {
        "node": ">= 14.18.1",
        "npm": ">= 6.14.15"
      }
    }
  }
}
